
Microsoft Visual Studio Solution File, Format Version 12.00
# Visual Studio Version 17
VisualStudioVersion = 17.4.33213.308
MinimumVisualStudioVersion = 10.0.40219.1
Project("{FAE04EC0-301F-11D3-BF4B-00C04F79EFBC}") = "SampleEmailValidation", "SampleEmailValidation\SampleEmailValidation.csproj", "{678A8D1A-887F-4C25-9F90-B547D3645999}"
EndProject
Global
	GlobalSection(SolutionConfigurationPlatforms) = preSolution
		Debug|Any CPU = Debug|Any CPU
		Release|Any CPU = Release|Any CPU
	EndGlobalSection
	GlobalSection(ProjectConfigurationPlatforms) = postSolution
		{678A8D1A-887F-4C25-9F90-B547D3645999}.Debug|Any CPU.ActiveCfg = Debug|Any CPU
		{678A8D1A-887F-4C25-9F90-B547D3645999}.Debug|Any CPU.Build.0 = Debug|Any CPU
		{678A8D1A-887F-4C25-9F90-B547D3645999}.Release|Any CPU.ActiveCfg = Release|Any CPU
		{678A8D1A-887F-4C25-9F90-B547D3645999}.Release|Any CPU.Build.0 = Release|Any CPU
	EndGlobalSection
	GlobalSection(SolutionProperties) = preSolution
		HideSolutionNode = FALSE
	EndGlobalSection
	GlobalSection(ExtensibilityGlobals) = postSolution
		SolutionGuid = {6FE3B744-F59E-4AE7-BB28-A954C69E80E8}
	EndGlobalSection
EndGlobal
